// !$*UTF8*$!
{
	archiveVersion = 1;
	classes = {
	};
	objectVersion = 77;
	objects = {

/* Begin PBXBuildFile section */
		680ED1152D2B17F000278555 /* Communicator in Frameworks */ = {isa = PBXBuildFile; productRef = 680ED1142D2B17F000278555 /* Communicator */; };
		6833D4A92D2AC7E500B5F76D /* Communicator in Frameworks */ = {isa = PBXBuildFile; productRef = 6833D4A82D2AC7E500B5F76D /* Communicator */; };
		687D92E62D1B855800C4A807 /* Communicator in Frameworks */ = {isa = PBXBuildFile; productRef = 687D92E52D1B855800C4A807 /* Communicator */; };
		688DE9BD2D297276003594C6 /* Communicator in Frameworks */ = {isa = PBXBuildFile; productRef = 688DE9BC2D297276003594C6 /* Communicator */; };
		688DEA2C2D299247003594C6 /* Communicator in Frameworks */ = {isa = PBXBuildFile; productRef = 688DEA2B2D299247003594C6 /* Communicator */; };
		68B8AFA02D296E5C008DAC95 /* Communicator in Frameworks */ = {isa = PBXBuildFile; productRef = 68B8AF9F2D296E5C008DAC95 /* Communicator */; };
		68B8AFBF2D29705C008DAC95 /* Communicator in Frameworks */ = {isa = PBXBuildFile; productRef = 68B8AFBE2D29705C008DAC95 /* Communicator */; };
/* End PBXBuildFile section */

/* Begin PBXFileReference section */
		68ECE37E2D1862EB00172F06 /* CommunicatorExample.app */ = {isa = PBXFileReference; explicitFileType = wrapper.application; includeInIndex = 0; path = CommunicatorExample.app; sourceTree = BUILT_PRODUCTS_DIR; };
/* End PBXFileReference section */

/* Begin PBXFileSystemSynchronizedBuildFileExceptionSet section */
		6879DB572E0AD9CB001464E9 /* Exceptions for "CommunicatorExample" folder in "CommunicatorExample" target */ = {
			isa = PBXFileSystemSynchronizedBuildFileExceptionSet;
			membershipExceptions = (
				Info.plist,
			);
			target = 68ECE37D2D1862EB00172F06 /* CommunicatorExample */;
		};
/* End PBXFileSystemSynchronizedBuildFileExceptionSet section */

/* Begin PBXFileSystemSynchronizedRootGroup section */
		68ECE3802D1862EB00172F06 /* CommunicatorExample */ = {
			isa = PBXFileSystemSynchronizedRootGroup;
			exceptions = (
				6879DB572E0AD9CB001464E9 /* Exceptions for "CommunicatorExample" folder in "CommunicatorExample" target */,
			);
			path = CommunicatorExample;
			sourceTree = "<group>";
		};
/* End PBXFileSystemSynchronizedRootGroup section */

/* Begin PBXFrameworksBuildPhase section */
		68ECE37B2D1862EB00172F06 /* Frameworks */ = {
			isa = PBXFrameworksBuildPhase;
			buildActionMask = 2147483647;
			files = (
				688DEA2C2D299247003594C6 /* Communicator in Frameworks */,
				687D92E62D1B855800C4A807 /* Communicator in Frameworks */,
				688DE9BD2D297276003594C6 /* Communicator in Frameworks */,
				68B8AFA02D296E5C008DAC95 /* Communicator in Frameworks */,
				68B8AFBF2D29705C008DAC95 /* Communicator in Frameworks */,
				680ED1152D2B17F000278555 /* Communicator in Frameworks */,
				6833D4A92D2AC7E500B5F76D /* Communicator in Frameworks */,
			);
			runOnlyForDeploymentPostprocessing = 0;
		};
/* End PBXFrameworksBuildPhase section */

/* Begin PBXGroup section */
		68ECE3752D1862EB00172F06 = {
			isa = PBXGroup;
			children = (
				68ECE37F2D1862EB00172F06 /* Products */,
				68ECE3802D1862EB00172F06 /* CommunicatorExample */,
			);
			sourceTree = "<group>";
		};
		68ECE37F2D1862EB00172F06 /* Products */ = {
			isa = PBXGroup;
			children = (
				68ECE37E2D1862EB00172F06 /* CommunicatorExample.app */,
			);
			name = Products;
			sourceTree = "<group>";
		};
/* End PBXGroup section */

/* Begin PBXNativeTarget section */
		68ECE37D2D1862EB00172F06 /* CommunicatorExample */ = {
			isa = PBXNativeTarget;
			buildConfigurationList = 68ECE38D2D1862EC00172F06 /* Build configuration list for PBXNativeTarget "CommunicatorExample" */;
			buildPhases = (
				68ECE37A2D1862EB00172F06 /* Sources */,
				68ECE37B2D1862EB00172F06 /* Frameworks */,
				68ECE37C2D1862EB00172F06 /* Resources */,
			);
			buildRules = (
			);
			dependencies = (
			);
			fileSystemSynchronizedGroups = (
				68ECE3802D1862EB00172F06 /* CommunicatorExample */,
			);
			name = CommunicatorExample;
			packageProductDependencies = (
				687D92E52D1B855800C4A807 /* Communicator */,
				68B8AF9F2D296E5C008DAC95 /* Communicator */,
				68B8AFBE2D29705C008DAC95 /* Communicator */,
				688DE9BC2D297276003594C6 /* Communicator */,
				688DEA2B2D299247003594C6 /* Communicator */,
				6833D4A82D2AC7E500B5F76D /* Communicator */,
				680ED1142D2B17F000278555 /* Communicator */,
			);
			productName = CommunicatorExample;
			productReference = 68ECE37E2D1862EB00172F06 /* CommunicatorExample.app */;
			productType = "com.apple.product-type.application";
		};
/* End PBXNativeTarget section */

/* Begin PBXProject section */
		68ECE3762D1862EB00172F06 /* Project object */ = {
			isa = PBXProject;
			attributes = {
				BuildIndependentTargetsInParallel = 1;
				LastSwiftUpdateCheck = 1620;
				LastUpgradeCheck = 1620;
				TargetAttributes = {
					68ECE37D2D1862EB00172F06 = {
						CreatedOnToolsVersion = 16.2;
					};
				};
			};
			buildConfigurationList = 68ECE3792D1862EB00172F06 /* Build configuration list for PBXProject "CommunicatorExample" */;
			developmentRegion = en;
			hasScannedForEncodings = 0;
			knownRegions = (
				en,
				Base,
			);
			mainGroup = 68ECE3752D1862EB00172F06;
			minimizedProjectReferenceProxies = 1;
			packageReferences = (
				680ED1132D2B17F000278555 /* XCRemoteSwiftPackageReference "Communicator" */,
			);
			preferredProjectObjectVersion = 77;
			productRefGroup = 68ECE37F2D1862EB00172F06 /* Products */;
			projectDirPath = "";
			projectRoot = "";
			targets = (
				68ECE37D2D1862EB00172F06 /* CommunicatorExample */,
			);
		};
/* End PBXProject section */

/* Begin PBXResourcesBuildPhase section */
		68ECE37C2D1862EB00172F06 /* Resources */ = {
			isa = PBXResourcesBuildPhase;
			buildActionMask = 2147483647;
			files = (
			);
			runOnlyForDeploymentPostprocessing = 0;
		};
/* End PBXResourcesBuildPhase section */

/* Begin PBXSourcesBuildPhase section */
		68ECE37A2D1862EB00172F06 /* Sources */ = {
			isa = PBXSourcesBuildPhase;
			buildActionMask = 2147483647;
			files = (
			);
			runOnlyForDeploymentPostprocessing = 0;
		};
/* End PBXSourcesBuildPhase section */

/* Begin XCBuildConfiguration section */
		68ECE38B2D1862EC00172F06 /* Debug */ = {
			isa = XCBuildConfiguration;
			buildSettings = {
				ALWAYS_SEARCH_USER_PATHS = NO;
				ASSETCATALOG_COMPILER_GENERATE_SWIFT_ASSET_SYMBOL_EXTENSIONS = YES;
				CLANG_ANALYZER_NONNULL = YES;
				CLANG_ANALYZER_NUMBER_OBJECT_CONVERSION = YES_AGGRESSIVE;
				CLANG_CXX_LANGUAGE_STANDARD = "gnu++20";
				CLANG_ENABLE_MODULES = YES;
				CLANG_ENABLE_OBJC_ARC = YES;
				CLANG_ENABLE_OBJC_WEAK = YES;
				CLANG_WARN_BLOCK_CAPTURE_AUTORELEASING = YES;
				CLANG_WARN_BOOL_CONVERSION = YES;
				CLANG_WARN_COMMA = YES;
				CLANG_WARN_CONSTANT_CONVERSION = YES;
				CLANG_WARN_DEPRECATED_OBJC_IMPLEMENTATIONS = YES;
				CLANG_WARN_DIRECT_OBJC_ISA_USAGE = YES_ERROR;
				CLANG_WARN_DOCUMENTATION_COMMENTS = YES;
				CLANG_WARN_EMPTY_BODY = YES;
				CLANG_WARN_ENUM_CONVERSION = YES;
				CLANG_WARN_INFINITE_RECURSION = YES;
				CLANG_WARN_INT_CONVERSION = YES;
				CLANG_WARN_NON_LITERAL_NULL_CONVERSION = YES;
				CLANG_WARN_OBJC_IMPLICIT_RETAIN_SELF = YES;
				CLANG_WARN_OBJC_LITERAL_CONVERSION = YES;
				CLANG_WARN_OBJC_ROOT_CLASS = YES_ERROR;
				CLANG_WARN_QUOTED_INCLUDE_IN_FRAMEWORK_HEADER = YES;
				CLANG_WARN_RANGE_LOOP_ANALYSIS = YES;
				CLANG_WARN_STRICT_PROTOTYPES = YES;
				CLANG_WARN_SUSPICIOUS_MOVE = YES;
				CLANG_WARN_UNGUARDED_AVAILABILITY = YES_AGGRESSIVE;
				CLANG_WARN_UNREACHABLE_CODE = YES;
				CLANG_WARN__DUPLICATE_METHOD_MATCH = YES;
				COPY_PHASE_STRIP = NO;
				DEBUG_INFORMATION_FORMAT = dwarf;
				ENABLE_STRICT_OBJC_MSGSEND = YES;
				ENABLE_TESTABILITY = YES;
				ENABLE_USER_SCRIPT_SANDBOXING = YES;
				GCC_C_LANGUAGE_STANDARD = gnu17;
				GCC_DYNAMIC_NO_PIC = NO;
				GCC_NO_COMMON_BLOCKS = YES;
				GCC_OPTIMIZATION_LEVEL = 0;
				GCC_PREPROCESSOR_DEFINITIONS = (
					"DEBUG=1",
					"$(inherited)",
				);
				GCC_WARN_64_TO_32_BIT_CONVERSION = YES;
				GCC_WARN_ABOUT_RETURN_TYPE = YES_ERROR;
				GCC_WARN_UNDECLARED_SELECTOR = YES;
				GCC_WARN_UNINITIALIZED_AUTOS = YES_AGGRESSIVE;
				GCC_WARN_UNUSED_FUNCTION = YES;
				GCC_WARN_UNUSED_VARIABLE = YES;
				LOCALIZATION_PREFERS_STRING_CATALOGS = YES;
				MACOSX_DEPLOYMENT_TARGET = 15.1;
				MTL_ENABLE_DEBUG_INFO = INCLUDE_SOURCE;
				MTL_FAST_MATH = YES;
				ONLY_ACTIVE_ARCH = YES;
				SDKROOT = macosx;
				SWIFT_ACTIVE_COMPILATION_CONDITIONS = "DEBUG $(inherited)";
				SWIFT_OPTIMIZATION_LEVEL = "-Onone";
			};
			name = Debug;
		};
		68ECE38C2D1862EC00172F06 /* Release */ = {
			isa = XCBuildConfiguration;
			buildSettings = {
				ALWAYS_SEARCH_USER_PATHS = NO;
				ASSETCATALOG_COMPILER_GENERATE_SWIFT_ASSET_SYMBOL_EXTENSIONS = YES;
				CLANG_ANALYZER_NONNULL = YES;
				CLANG_ANALYZER_NUMBER_OBJECT_CONVERSION = YES_AGGRESSIVE;
				CLANG_CXX_LANGUAGE_STANDARD = "gnu++20";
				CLANG_ENABLE_MODULES = YES;
				CLANG_ENABLE_OBJC_ARC = YES;
				CLANG_ENABLE_OBJC_WEAK = YES;
				CLANG_WARN_BLOCK_CAPTURE_AUTORELEASING = YES;
				CLANG_WARN_BOOL_CONVERSION = YES;
				CLANG_WARN_COMMA = YES;
				CLANG_WARN_CONSTANT_CONVERSION = YES;
				CLANG_WARN_DEPRECATED_OBJC_IMPLEMENTATIONS = YES;
				CLANG_WARN_DIRECT_OBJC_ISA_USAGE = YES_ERROR;
				CLANG_WARN_DOCUMENTATION_COMMENTS = YES;
				CLANG_WARN_EMPTY_BODY = YES;
				CLANG_WARN_ENUM_CONVERSION = YES;
				CLANG_WARN_INFINITE_RECURSION = YES;
				CLANG_WARN_INT_CONVERSION = YES;
				CLANG_WARN_NON_LITERAL_NULL_CONVERSION = YES;
				CLANG_WARN_OBJC_IMPLICIT_RETAIN_SELF = YES;
				CLANG_WARN_OBJC_LITERAL_CONVERSION = YES;
				CLANG_WARN_OBJC_ROOT_CLASS = YES_ERROR;
				CLANG_WARN_QUOTED_INCLUDE_IN_FRAMEWORK_HEADER = YES;
				CLANG_WARN_RANGE_LOOP_ANALYSIS = YES;
				CLANG_WARN_STRICT_PROTOTYPES = YES;
				CLANG_WARN_SUSPICIOUS_MOVE = YES;
				CLANG_WARN_UNGUARDED_AVAILABILITY = YES_AGGRESSIVE;
				CLANG_WARN_UNREACHABLE_CODE = YES;
				CLANG_WARN__DUPLICATE_METHOD_MATCH = YES;
				COPY_PHASE_STRIP = NO;
				DEBUG_INFORMATION_FORMAT = "dwarf-with-dsym";
				ENABLE_NS_ASSERTIONS = NO;
				ENABLE_STRICT_OBJC_MSGSEND = YES;
				ENABLE_USER_SCRIPT_SANDBOXING = YES;
				GCC_C_LANGUAGE_STANDARD = gnu17;
				GCC_NO_COMMON_BLOCKS = YES;
				GCC_WARN_64_TO_32_BIT_CONVERSION = YES;
				GCC_WARN_ABOUT_RETURN_TYPE = YES_ERROR;
				GCC_WARN_UNDECLARED_SELECTOR = YES;
				GCC_WARN_UNINITIALIZED_AUTOS = YES_AGGRESSIVE;
				GCC_WARN_UNUSED_FUNCTION = YES;
				GCC_WARN_UNUSED_VARIABLE = YES;
				LOCALIZATION_PREFERS_STRING_CATALOGS = YES;
				MACOSX_DEPLOYMENT_TARGET = 15.1;
				MTL_ENABLE_DEBUG_INFO = NO;
				MTL_FAST_MATH = YES;
				SDKROOT = macosx;
				SWIFT_COMPILATION_MODE = wholemodule;
			};
			name = Release;
		};
		68ECE38E2D1862EC00172F06 /* Debug */ = {
			isa = XCBuildConfiguration;
			buildSettings = {
				ASSETCATALOG_COMPILER_APPICON_NAME = AppIcon;
				ASSETCATALOG_COMPILER_GLOBAL_ACCENT_COLOR_NAME = AccentColor;
				CODE_SIGN_ENTITLEMENTS = "CommunicatorExample/!ProjectData/CommunicatorExample.entitlements";
				CODE_SIGN_IDENTITY = "Apple Development";
				CODE_SIGN_STYLE = Automatic;
				COMBINE_HIDPI_IMAGES = YES;
				CURRENT_PROJECT_VERSION = 1;
				DEVELOPMENT_ASSET_PATHS = "\"CommunicatorExample/!ProjectData/Preview Content\"";
				DEVELOPMENT_TEAM = 64GU57DP44;
				ENABLE_HARDENED_RUNTIME = YES;
				ENABLE_PREVIEWS = YES;
				GENERATE_INFOPLIST_FILE = YES;
				INFOPLIST_FILE = CommunicatorExample/Info.plist;
				INFOPLIST_KEY_NSHumanReadableCopyright = "";
				INFOPLIST_KEY_NSLocalNetworkUsageDescription = "This app uses your local network to discover and connect to peers.";
				LD_RUNPATH_SEARCH_PATHS = (
					"$(inherited)",
					"@executable_path/../Frameworks",
				);
				MACOSX_DEPLOYMENT_TARGET = 13.5;
				MARKETING_VERSION = 1.0;
				PRODUCT_BUNDLE_IDENTIFIER = com.magnificat.CommunicatorExample;
				PRODUCT_NAME = "$(TARGET_NAME)";
				PROVISIONING_PROFILE_SPECIFIER = "";
				SWIFT_EMIT_LOC_STRINGS = YES;
				SWIFT_VERSION = 5.0;
			};
			name = Debug;
		};
		68ECE38F2D1862EC00172F06 /* Release */ = {
			isa = XCBuildConfiguration;
			buildSettings = {
				ASSETCATALOG_COMPILER_APPICON_NAME = AppIcon;
				ASSETCATALOG_COMPILER_GLOBAL_ACCENT_COLOR_NAME = AccentColor;
				CODE_SIGN_ENTITLEMENTS = "CommunicatorExample/!ProjectData/CommunicatorExample.entitlements";
				CODE_SIGN_IDENTITY = "Apple Development";
				CODE_SIGN_STYLE = Automatic;
				COMBINE_HIDPI_IMAGES = YES;
				CURRENT_PROJECT_VERSION = 1;
				DEVELOPMENT_ASSET_PATHS = "\"CommunicatorExample/!ProjectData/Preview Content\"";
				DEVELOPMENT_TEAM = 64GU57DP44;
				ENABLE_HARDENED_RUNTIME = YES;
				ENABLE_PREVIEWS = YES;
				GENERATE_INFOPLIST_FILE = YES;
				INFOPLIST_FILE = CommunicatorExample/Info.plist;
				INFOPLIST_KEY_NSHumanReadableCopyright = "";
				INFOPLIST_KEY_NSLocalNetworkUsageDescription = "This app uses your local network to discover and connect to peers.";
				LD_RUNPATH_SEARCH_PATHS = (
					"$(inherited)",
					"@executable_path/../Frameworks",
				);
				MACOSX_DEPLOYMENT_TARGET = 13.5;
				MARKETING_VERSION = 1.0;
				PRODUCT_BUNDLE_IDENTIFIER = com.magnificat.CommunicatorExample;
				PRODUCT_NAME = "$(TARGET_NAME)";
				PROVISIONING_PROFILE_SPECIFIER = "";
				SWIFT_EMIT_LOC_STRINGS = YES;
				SWIFT_VERSION = 5.0;
			};
			name = Release;
		};
/* End XCBuildConfiguration section */

/* Begin XCConfigurationList section */
		68ECE3792D1862EB00172F06 /* Build configuration list for PBXProject "CommunicatorExample" */ = {
			isa = XCConfigurationList;
			buildConfigurations = (
				68ECE38B2D1862EC00172F06 /* Debug */,
				68ECE38C2D1862EC00172F06 /* Release */,
			);
			defaultConfigurationIsVisible = 0;
			defaultConfigurationName = Release;
		};
		68ECE38D2D1862EC00172F06 /* Build configuration list for PBXNativeTarget "CommunicatorExample" */ = {
			isa = XCConfigurationList;
			buildConfigurations = (
				68ECE38E2D1862EC00172F06 /* Debug */,
				68ECE38F2D1862EC00172F06 /* Release */,
			);
			defaultConfigurationIsVisible = 0;
			defaultConfigurationName = Release;
		};
/* End XCConfigurationList section */

/* Begin XCRemoteSwiftPackageReference section */
		680ED1132D2B17F000278555 /* XCRemoteSwiftPackageReference "Communicator" */ = {
			isa = XCRemoteSwiftPackageReference;
			repositoryURL = "https://github.com/Paydogs/Communicator.git";
			requirement = {
				kind = upToNextMajorVersion;
				minimumVersion = 2.0.0;
			};
		};
/* End XCRemoteSwiftPackageReference section */

/* Begin XCSwiftPackageProductDependency section */
		680ED1142D2B17F000278555 /* Communicator */ = {
			isa = XCSwiftPackageProductDependency;
			package = 680ED1132D2B17F000278555 /* XCRemoteSwiftPackageReference "Communicator" */;
			productName = Communicator;
		};
		6833D4A82D2AC7E500B5F76D /* Communicator */ = {
			isa = XCSwiftPackageProductDependency;
			productName = Communicator;
		};
		687D92E52D1B855800C4A807 /* Communicator */ = {
			isa = XCSwiftPackageProductDependency;
			productName = Communicator;
		};
		688DE9BC2D297276003594C6 /* Communicator */ = {
			isa = XCSwiftPackageProductDependency;
			productName = Communicator;
		};
		688DEA2B2D299247003594C6 /* Communicator */ = {
			isa = XCSwiftPackageProductDependency;
			productName = Communicator;
		};
		68B8AF9F2D296E5C008DAC95 /* Communicator */ = {
			isa = XCSwiftPackageProductDependency;
			productName = Communicator;
		};
		68B8AFBE2D29705C008DAC95 /* Communicator */ = {
			isa = XCSwiftPackageProductDependency;
			productName = Communicator;
		};
/* End XCSwiftPackageProductDependency section */
	};
	rootObject = 68ECE3762D1862EB00172F06 /* Project object */;
}
