{
  "originHash" : "d33d496cc6037d6ac346060e4f90e76b68d9ab494e2f640caac46d5250de2460",
  "pins" : [
    {
      "identity" : "communicator",
      "kind" : "remoteSourceControl",
      "location" : "https://github.com/Paydogs/Communicator.git",
      "state" : {
        "revision" : "ab6cefc151d9c6e0aa2d59056250ffc61a964e50",
        "version" : "1.2.0"
      }
    },
    {
      "identity" : "communicatorcore",
      "kind" : "remoteSourceControl",
      "location" : "https://github.com/Paydogs/CommunicatorCore.git",
      "state" : {
        "revision" : "c5b2e3d7cc3a473fc941a3f040faf06ed5906414",
        "version" : "1.2.0"
      }
    }
  ],
  "version" : 3
}
