{
  "originHash" : "d33d496cc6037d6ac346060e4f90e76b68d9ab494e2f640caac46d5250de2460",
  "pins" : [
    {
      "identity" : "communicator",
      "kind" : "remoteSourceControl",
      "location" : "https://github.com/Paydogs/Communicator.git",
      "state" : {
        "revision" : "f6ed7f0bde561949f77666c417458b893db01687",
        "version" : "2.0.0"
      }
    },
    {
      "identity" : "communicatorcore",
      "kind" : "remoteSourceControl",
      "location" : "https://github.com/Paydogs/CommunicatorCore.git",
      "state" : {
        "revision" : "6c355a135278968c49cfbcdb6c3843bc686ee501",
        "version" : "2.0.0"
      }
    }
  ],
  "version" : 3
}
